{
  "version": 4,
  "terraform_version": "1.3.6",
  "serial": 5,
  "lineage": "8094ef40-1dbd-95cd-1f60-bb25d84d883b",
  "outputs": {
    "test_output_list_string": {
      "value": [
        "us-west-1a"
      ],
      "type": [
        "list",
        "string"
      ]
    },
    "test_output_string": {
      "value": "9023256633839603543",
      "type": "string",
      "sensitive": true
    },
    "test_output_tuple_number": {
      "value": [
        1,
        2
      ],
      "type": [
        "tuple",
        [
          "number",
          "number"
        ]
      ]
    },
    "test_output_tuple_string": {
      "value": [
        "one",
        "two"
      ],
      "type": [
        "tuple",
        [
          "string",
          "string"
        ]
      ]
    },
    "test_output_object": {
      "value": {
        "foo": "bar"
      },
      "type": [
        "object",
        {
          "foo": "string"
        }
      ]
    },
    "test_output_number": {
      "value": 5,
      "type": "number"
    },
    "test_output_bool": {
      "value": true,
      "type": "bool"
    }
  },
  "resources": [
    {
      "module": "module.media_bucket",
      "mode": "managed",
      "type": "aws_s3_bucket_public_access_block",
      "name": "this",
      "provider": "provider[\"registry.terraform.io/hashicorp/aws\"]",
      "instances": [
        {
          "index_key": 0,
          "schema_version": 0,
          "attributes": {
            "block_public_acls": true,
            "block_public_policy": true,
            "bucket": "1234-edited-videos",
            "id": "1234-edited-videos",
            "ignore_public_acls": true,
            "restrict_public_buckets": true
          },
          "sensitive_attributes": [],
          "private": "XXXX=="
        }
      ]
    }
  ],
  "check_results": null
}
